
Microsoft Visual Studio Solution File, Format Version 12.00
# Visual Studio Version 16
VisualStudioVersion = 16.0.32106.194
MinimumVisualStudioVersion = 10.0.40219.1
Project("{FAE04EC0-301F-11D3-BF4B-00C04F79EFBC}") = "SamplePasswordPopup", "SamplePasswordPopup\SamplePasswordPopup.csproj", "{96116CE0-0D65-418E-9AA8-5FC4E0054904}"
EndProject
Global
	GlobalSection(SolutionConfigurationPlatforms) = preSolution
		Debug|Any CPU = Debug|Any CPU
		Release|Any CPU = Release|Any CPU
	EndGlobalSection
	GlobalSection(ProjectConfigurationPlatforms) = postSolution
		{96116CE0-0D65-418E-9AA8-5FC4E0054904}.Debug|Any CPU.ActiveCfg = Debug|Any CPU
		{96116CE0-0D65-418E-9AA8-5FC4E0054904}.Debug|Any CPU.Build.0 = Debug|Any CPU
		{96116CE0-0D65-418E-9AA8-5FC4E0054904}.Release|Any CPU.ActiveCfg = Release|Any CPU
		{96116CE0-0D65-418E-9AA8-5FC4E0054904}.Release|Any CPU.Build.0 = Release|Any CPU
	EndGlobalSection
	GlobalSection(SolutionProperties) = preSolution
		HideSolutionNode = FALSE
	EndGlobalSection
	GlobalSection(ExtensibilityGlobals) = postSolution
		SolutionGuid = {C7BCE4AC-248B-483B-95B9-54CE27BDDE83}
	EndGlobalSection
EndGlobal
